// !$*UTF8*$!
{
	archiveVersion = 1;
	classes = {
	};
	objectVersion = 50;
	objects = {

/* Begin PBXBuildFile section */
		E2C009E1227FBDAD00E7E256 /* AppDelegate.swift in Sources */ = {isa = PBXBuildFile; fileRef = E2C009E0227FBDAD00E7E256 /* AppDelegate.swift */; };
		E2C009E6227FBDAD00E7E256 /* Main.storyboard in Resources */ = {isa = PBXBuildFile; fileRef = E2C009E4227FBDAD00E7E256 /* Main.storyboard */; };
		E2C009E8227FBDB000E7E256 /* Assets.xcassets in Resources */ = {isa = PBXBuildFile; fileRef = E2C009E7227FBDB000E7E256 /* Assets.xcassets */; };
		E2C009EB227FBDB000E7E256 /* LaunchScreen.storyboard in Resources */ = {isa = PBXBuildFile; fileRef = E2C009E9227FBDB000E7E256 /* LaunchScreen.storyboard */; };
		E2C009F6227FBDB000E7E256 /* DTaskTests.swift in Sources */ = {isa = PBXBuildFile; fileRef = E2C009F5227FBDB000E7E256 /* DTaskTests.swift */; };
		E2C00A01227FBDB000E7E256 /* DTaskUITests.swift in Sources */ = {isa = PBXBuildFile; fileRef = E2C00A00227FBDB000E7E256 /* DTaskUITests.swift */; };
		E2C00A16227FC31800E7E256 /* HomePageController.swift in Sources */ = {isa = PBXBuildFile; fileRef = E2C00A15227FC31800E7E256 /* HomePageController.swift */; };
		E2C00A18227FC36A00E7E256 /* SearchPageController.swift in Sources */ = {isa = PBXBuildFile; fileRef = E2C00A17227FC36A00E7E256 /* SearchPageController.swift */; };
		E2C00A1C227FC3D500E7E256 /* FavouritePageController.swift in Sources */ = {isa = PBXBuildFile; fileRef = E2C00A1B227FC3D500E7E256 /* FavouritePageController.swift */; };
		E2C00A1E227FC3F500E7E256 /* StocksInformation.swift in Sources */ = {isa = PBXBuildFile; fileRef = E2C00A1D227FC3F500E7E256 /* StocksInformation.swift */; };
		E2C00A20227FC45000E7E256 /* NotificationController.swift in Sources */ = {isa = PBXBuildFile; fileRef = E2C00A1F227FC45000E7E256 /* NotificationController.swift */; };
/* End PBXBuildFile section */

/* Begin PBXContainerItemProxy section */
		E2C009F2227FBDB000E7E256 /* PBXContainerItemProxy */ = {
			isa = PBXContainerItemProxy;
			containerPortal = E2C009D5227FBDAC00E7E256 /* Project object */;
			proxyType = 1;
			remoteGlobalIDString = E2C009DC227FBDAC00E7E256;
			remoteInfo = DTask;
		};
		E2C009FD227FBDB000E7E256 /* PBXContainerItemProxy */ = {
			isa = PBXContainerItemProxy;
			containerPortal = E2C009D5227FBDAC00E7E256 /* Project object */;
			proxyType = 1;
			remoteGlobalIDString = E2C009DC227FBDAC00E7E256;
			remoteInfo = DTask;
		};
/* End PBXContainerItemProxy section */

/* Begin PBXFileReference section */
		E2C009DD227FBDAD00E7E256 /* DTask.app */ = {isa = PBXFileReference; explicitFileType = wrapper.application; includeInIndex = 0; path = DTask.app; sourceTree = BUILT_PRODUCTS_DIR; };
		E2C009E0227FBDAD00E7E256 /* AppDelegate.swift */ = {isa = PBXFileReference; lastKnownFileType = sourcecode.swift; path = AppDelegate.swift; sourceTree = "<group>"; };
		E2C009E5227FBDAD00E7E256 /* Base */ = {isa = PBXFileReference; lastKnownFileType = file.storyboard; name = Base; path = Base.lproj/Main.storyboard; sourceTree = "<group>"; };
		E2C009E7227FBDB000E7E256 /* Assets.xcassets */ = {isa = PBXFileReference; lastKnownFileType = folder.assetcatalog; path = Assets.xcassets; sourceTree = "<group>"; };
		E2C009EA227FBDB000E7E256 /* Base */ = {isa = PBXFileReference; lastKnownFileType = file.storyboard; name = Base; path = Base.lproj/LaunchScreen.storyboard; sourceTree = "<group>"; };
		E2C009EC227FBDB000E7E256 /* Info.plist */ = {isa = PBXFileReference; lastKnownFileType = text.plist.xml; path = Info.plist; sourceTree = "<group>"; };
		E2C009F1227FBDB000E7E256 /* DTaskTests.xctest */ = {isa = PBXFileReference; explicitFileType = wrapper.cfbundle; includeInIndex = 0; path = DTaskTests.xctest; sourceTree = BUILT_PRODUCTS_DIR; };
		E2C009F5227FBDB000E7E256 /* DTaskTests.swift */ = {isa = PBXFileReference; lastKnownFileType = sourcecode.swift; path = DTaskTests.swift; sourceTree = "<group>"; };
		E2C009F7227FBDB000E7E256 /* Info.plist */ = {isa = PBXFileReference; lastKnownFileType = text.plist.xml; path = Info.plist; sourceTree = "<group>"; };
		E2C009FC227FBDB000E7E256 /* DTaskUITests.xctest */ = {isa = PBXFileReference; explicitFileType = wrapper.cfbundle; includeInIndex = 0; path = DTaskUITests.xctest; sourceTree = BUILT_PRODUCTS_DIR; };
		E2C00A00227FBDB000E7E256 /* DTaskUITests.swift */ = {isa = PBXFileReference; lastKnownFileType = sourcecode.swift; path = DTaskUITests.swift; sourceTree = "<group>"; };
		E2C00A02227FBDB000E7E256 /* Info.plist */ = {isa = PBXFileReference; lastKnownFileType = text.plist.xml; path = Info.plist; sourceTree = "<group>"; };
		E2C00A15227FC31800E7E256 /* HomePageController.swift */ = {isa = PBXFileReference; lastKnownFileType = sourcecode.swift; path = HomePageController.swift; sourceTree = "<group>"; };
		E2C00A17227FC36A00E7E256 /* SearchPageController.swift */ = {isa = PBXFileReference; lastKnownFileType = sourcecode.swift; path = SearchPageController.swift; sourceTree = "<group>"; };
		E2C00A1B227FC3D500E7E256 /* FavouritePageController.swift */ = {isa = PBXFileReference; lastKnownFileType = sourcecode.swift; path = FavouritePageController.swift; sourceTree = "<group>"; };
		E2C00A1D227FC3F500E7E256 /* StocksInformation.swift */ = {isa = PBXFileReference; lastKnownFileType = sourcecode.swift; path = StocksInformation.swift; sourceTree = "<group>"; };
		E2C00A1F227FC45000E7E256 /* NotificationController.swift */ = {isa = PBXFileReference; lastKnownFileType = sourcecode.swift; path = NotificationController.swift; sourceTree = "<group>"; };
/* End PBXFileReference section */

/* Begin PBXFrameworksBuildPhase section */
		E2C009DA227FBDAC00E7E256 /* Frameworks */ = {
			isa = PBXFrameworksBuildPhase;
			buildActionMask = 2147483647;
			files = (
			);
			runOnlyForDeploymentPostprocessing = 0;
		};
		E2C009EE227FBDB000E7E256 /* Frameworks */ = {
			isa = PBXFrameworksBuildPhase;
			buildActionMask = 2147483647;
			files = (
			);
			runOnlyForDeploymentPostprocessing = 0;
		};
		E2C009F9227FBDB000E7E256 /* Frameworks */ = {
			isa = PBXFrameworksBuildPhase;
			buildActionMask = 2147483647;
			files = (
			);
			runOnlyForDeploymentPostprocessing = 0;
		};
/* End PBXFrameworksBuildPhase section */

/* Begin PBXGroup section */
		E2C009D4227FBDAC00E7E256 = {
			isa = PBXGroup;
			children = (
				E2C009DF227FBDAD00E7E256 /* DTask */,
				E2C009F4227FBDB000E7E256 /* DTaskTests */,
				E2C009FF227FBDB000E7E256 /* DTaskUITests */,
				E2C009DE227FBDAD00E7E256 /* Products */,
			);
			sourceTree = "<group>";
		};
		E2C009DE227FBDAD00E7E256 /* Products */ = {
			isa = PBXGroup;
			children = (
				E2C009DD227FBDAD00E7E256 /* DTask.app */,
				E2C009F1227FBDB000E7E256 /* DTaskTests.xctest */,
				E2C009FC227FBDB000E7E256 /* DTaskUITests.xctest */,
			);
			name = Products;
			sourceTree = "<group>";
		};
		E2C009DF227FBDAD00E7E256 /* DTask */ = {
			isa = PBXGroup;
			children = (
				E2C00A14227FC2D500E7E256 /* Controller Object */,
				E2C00A13227FC2B800E7E256 /* Model Object */,
				E2C00A10227FC27700E7E256 /* View Object */,
				E2C009EC227FBDB000E7E256 /* Info.plist */,
			);
			path = DTask;
			sourceTree = "<group>";
		};
		E2C009F4227FBDB000E7E256 /* DTaskTests */ = {
			isa = PBXGroup;
			children = (
				E2C009F5227FBDB000E7E256 /* DTaskTests.swift */,
				E2C009F7227FBDB000E7E256 /* Info.plist */,
			);
			path = DTaskTests;
			sourceTree = "<group>";
		};
		E2C009FF227FBDB000E7E256 /* DTaskUITests */ = {
			isa = PBXGroup;
			children = (
				E2C00A00227FBDB000E7E256 /* DTaskUITests.swift */,
				E2C00A02227FBDB000E7E256 /* Info.plist */,
			);
			path = DTaskUITests;
			sourceTree = "<group>";
		};
		E2C00A10227FC27700E7E256 /* View Object */ = {
			isa = PBXGroup;
			children = (
				E2C009E0227FBDAD00E7E256 /* AppDelegate.swift */,
				E2C009E4227FBDAD00E7E256 /* Main.storyboard */,
				E2C009E9227FBDB000E7E256 /* LaunchScreen.storyboard */,
			);
			name = "View Object";
			sourceTree = "<group>";
		};
		E2C00A13227FC2B800E7E256 /* Model Object */ = {
			isa = PBXGroup;
			children = (
				E2C009E7227FBDB000E7E256 /* Assets.xcassets */,
			);
			name = "Model Object";
			sourceTree = "<group>";
		};
		E2C00A14227FC2D500E7E256 /* Controller Object */ = {
			isa = PBXGroup;
			children = (
				E2C00A15227FC31800E7E256 /* HomePageController.swift */,
				E2C00A17227FC36A00E7E256 /* SearchPageController.swift */,
				E2C00A1D227FC3F500E7E256 /* StocksInformation.swift */,
				E2C00A1B227FC3D500E7E256 /* FavouritePageController.swift */,
				E2C00A1F227FC45000E7E256 /* NotificationController.swift */,
			);
			name = "Controller Object";
			sourceTree = "<group>";
		};
/* End PBXGroup section */

/* Begin PBXNativeTarget section */
		E2C009DC227FBDAC00E7E256 /* DTask */ = {
			isa = PBXNativeTarget;
			buildConfigurationList = E2C00A05227FBDB000E7E256 /* Build configuration list for PBXNativeTarget "DTask" */;
			buildPhases = (
				E2C009D9227FBDAC00E7E256 /* Sources */,
				E2C009DA227FBDAC00E7E256 /* Frameworks */,
				E2C009DB227FBDAC00E7E256 /* Resources */,
			);
			buildRules = (
			);
			dependencies = (
			);
			name = DTask;
			productName = DTask;
			productReference = E2C009DD227FBDAD00E7E256 /* DTask.app */;
			productType = "com.apple.product-type.application";
		};
		E2C009F0227FBDB000E7E256 /* DTaskTests */ = {
			isa = PBXNativeTarget;
			buildConfigurationList = E2C00A08227FBDB000E7E256 /* Build configuration list for PBXNativeTarget "DTaskTests" */;
			buildPhases = (
				E2C009ED227FBDB000E7E256 /* Sources */,
				E2C009EE227FBDB000E7E256 /* Frameworks */,
				E2C009EF227FBDB000E7E256 /* Resources */,
			);
			buildRules = (
			);
			dependencies = (
				E2C009F3227FBDB000E7E256 /* PBXTargetDependency */,
			);
			name = DTaskTests;
			productName = DTaskTests;
			productReference = E2C009F1227FBDB000E7E256 /* DTaskTests.xctest */;
			productType = "com.apple.product-type.bundle.unit-test";
		};
		E2C009FB227FBDB000E7E256 /* DTaskUITests */ = {
			isa = PBXNativeTarget;
			buildConfigurationList = E2C00A0B227FBDB000E7E256 /* Build configuration list for PBXNativeTarget "DTaskUITests" */;
			buildPhases = (
				E2C009F8227FBDB000E7E256 /* Sources */,
				E2C009F9227FBDB000E7E256 /* Frameworks */,
				E2C009FA227FBDB000E7E256 /* Resources */,
			);
			buildRules = (
			);
			dependencies = (
				E2C009FE227FBDB000E7E256 /* PBXTargetDependency */,
			);
			name = DTaskUITests;
			productName = DTaskUITests;
			productReference = E2C009FC227FBDB000E7E256 /* DTaskUITests.xctest */;
			productType = "com.apple.product-type.bundle.ui-testing";
		};
/* End PBXNativeTarget section */

/* Begin PBXProject section */
		E2C009D5227FBDAC00E7E256 /* Project object */ = {
			isa = PBXProject;
			attributes = {
				LastSwiftUpdateCheck = 1020;
				LastUpgradeCheck = 1020;
				ORGANIZATIONNAME = "Bosh Ng";
				TargetAttributes = {
					E2C009DC227FBDAC00E7E256 = {
						CreatedOnToolsVersion = 10.2;
					};
					E2C009F0227FBDB000E7E256 = {
						CreatedOnToolsVersion = 10.2;
						TestTargetID = E2C009DC227FBDAC00E7E256;
					};
					E2C009FB227FBDB000E7E256 = {
						CreatedOnToolsVersion = 10.2;
						TestTargetID = E2C009DC227FBDAC00E7E256;
					};
				};
			};
			buildConfigurationList = E2C009D8227FBDAC00E7E256 /* Build configuration list for PBXProject "DTask" */;
			compatibilityVersion = "Xcode 9.3";
			developmentRegion = en;
			hasScannedForEncodings = 0;
			knownRegions = (
				en,
				Base,
			);
			mainGroup = E2C009D4227FBDAC00E7E256;
			productRefGroup = E2C009DE227FBDAD00E7E256 /* Products */;
			projectDirPath = "";
			projectRoot = "";
			targets = (
				E2C009DC227FBDAC00E7E256 /* DTask */,
				E2C009F0227FBDB000E7E256 /* DTaskTests */,
				E2C009FB227FBDB000E7E256 /* DTaskUITests */,
			);
		};
/* End PBXProject section */

/* Begin PBXResourcesBuildPhase section */
		E2C009DB227FBDAC00E7E256 /* Resources */ = {
			isa = PBXResourcesBuildPhase;
			buildActionMask = 2147483647;
			files = (
				E2C009EB227FBDB000E7E256 /* LaunchScreen.storyboard in Resources */,
				E2C009E8227FBDB000E7E256 /* Assets.xcassets in Resources */,
				E2C009E6227FBDAD00E7E256 /* Main.storyboard in Resources */,
			);
			runOnlyForDeploymentPostprocessing = 0;
		};
		E2C009EF227FBDB000E7E256 /* Resources */ = {
			isa = PBXResourcesBuildPhase;
			buildActionMask = 2147483647;
			files = (
			);
			runOnlyForDeploymentPostprocessing = 0;
		};
		E2C009FA227FBDB000E7E256 /* Resources */ = {
			isa = PBXResourcesBuildPhase;
			buildActionMask = 2147483647;
			files = (
			);
			runOnlyForDeploymentPostprocessing = 0;
		};
/* End PBXResourcesBuildPhase section */

/* Begin PBXSourcesBuildPhase section */
		E2C009D9227FBDAC00E7E256 /* Sources */ = {
			isa = PBXSourcesBuildPhase;
			buildActionMask = 2147483647;
			files = (
				E2C00A20227FC45000E7E256 /* NotificationController.swift in Sources */,
				E2C00A1E227FC3F500E7E256 /* StocksInformation.swift in Sources */,
				E2C009E1227FBDAD00E7E256 /* AppDelegate.swift in Sources */,
				E2C00A1C227FC3D500E7E256 /* FavouritePageController.swift in Sources */,
				E2C00A16227FC31800E7E256 /* HomePageController.swift in Sources */,
				E2C00A18227FC36A00E7E256 /* SearchPageController.swift in Sources */,
			);
			runOnlyForDeploymentPostprocessing = 0;
		};
		E2C009ED227FBDB000E7E256 /* Sources */ = {
			isa = PBXSourcesBuildPhase;
			buildActionMask = 2147483647;
			files = (
				E2C009F6227FBDB000E7E256 /* DTaskTests.swift in Sources */,
			);
			runOnlyForDeploymentPostprocessing = 0;
		};
		E2C009F8227FBDB000E7E256 /* Sources */ = {
			isa = PBXSourcesBuildPhase;
			buildActionMask = 2147483647;
			files = (
				E2C00A01227FBDB000E7E256 /* DTaskUITests.swift in Sources */,
			);
			runOnlyForDeploymentPostprocessing = 0;
		};
/* End PBXSourcesBuildPhase section */

/* Begin PBXTargetDependency section */
		E2C009F3227FBDB000E7E256 /* PBXTargetDependency */ = {
			isa = PBXTargetDependency;
			target = E2C009DC227FBDAC00E7E256 /* DTask */;
			targetProxy = E2C009F2227FBDB000E7E256 /* PBXContainerItemProxy */;
		};
		E2C009FE227FBDB000E7E256 /* PBXTargetDependency */ = {
			isa = PBXTargetDependency;
			target = E2C009DC227FBDAC00E7E256 /* DTask */;
			targetProxy = E2C009FD227FBDB000E7E256 /* PBXContainerItemProxy */;
		};
/* End PBXTargetDependency section */

/* Begin PBXVariantGroup section */
		E2C009E4227FBDAD00E7E256 /* Main.storyboard */ = {
			isa = PBXVariantGroup;
			children = (
				E2C009E5227FBDAD00E7E256 /* Base */,
			);
			name = Main.storyboard;
			sourceTree = "<group>";
		};
		E2C009E9227FBDB000E7E256 /* LaunchScreen.storyboard */ = {
			isa = PBXVariantGroup;
			children = (
				E2C009EA227FBDB000E7E256 /* Base */,
			);
			name = LaunchScreen.storyboard;
			sourceTree = "<group>";
		};
/* End PBXVariantGroup section */

/* Begin XCBuildConfiguration section */
		E2C00A03227FBDB000E7E256 /* Debug */ = {
			isa = XCBuildConfiguration;
			buildSettings = {
				ALWAYS_SEARCH_USER_PATHS = NO;
				CLANG_ANALYZER_NONNULL = YES;
				CLANG_ANALYZER_NUMBER_OBJECT_CONVERSION = YES_AGGRESSIVE;
				CLANG_CXX_LANGUAGE_STANDARD = "gnu++14";
				CLANG_CXX_LIBRARY = "libc++";
				CLANG_ENABLE_MODULES = YES;
				CLANG_ENABLE_OBJC_ARC = YES;
				CLANG_ENABLE_OBJC_WEAK = YES;
				CLANG_WARN_BLOCK_CAPTURE_AUTORELEASING = YES;
				CLANG_WARN_BOOL_CONVERSION = YES;
				CLANG_WARN_COMMA = YES;
				CLANG_WARN_CONSTANT_CONVERSION = YES;
				CLANG_WARN_DEPRECATED_OBJC_IMPLEMENTATIONS = YES;
				CLANG_WARN_DIRECT_OBJC_ISA_USAGE = YES_ERROR;
				CLANG_WARN_DOCUMENTATION_COMMENTS = YES;
				CLANG_WARN_EMPTY_BODY = YES;
				CLANG_WARN_ENUM_CONVERSION = YES;
				CLANG_WARN_INFINITE_RECURSION = YES;
				CLANG_WARN_INT_CONVERSION = YES;
				CLANG_WARN_NON_LITERAL_NULL_CONVERSION = YES;
				CLANG_WARN_OBJC_IMPLICIT_RETAIN_SELF = YES;
				CLANG_WARN_OBJC_LITERAL_CONVERSION = YES;
				CLANG_WARN_OBJC_ROOT_CLASS = YES_ERROR;
				CLANG_WARN_RANGE_LOOP_ANALYSIS = YES;
				CLANG_WARN_STRICT_PROTOTYPES = YES;
				CLANG_WARN_SUSPICIOUS_MOVE = YES;
				CLANG_WARN_UNGUARDED_AVAILABILITY = YES_AGGRESSIVE;
				CLANG_WARN_UNREACHABLE_CODE = YES;
				CLANG_WARN__DUPLICATE_METHOD_MATCH = YES;
				CODE_SIGN_IDENTITY = "iPhone Developer";
				COPY_PHASE_STRIP = NO;
				DEBUG_INFORMATION_FORMAT = dwarf;
				ENABLE_STRICT_OBJC_MSGSEND = YES;
				ENABLE_TESTABILITY = YES;
				GCC_C_LANGUAGE_STANDARD = gnu11;
				GCC_DYNAMIC_NO_PIC = NO;
				GCC_NO_COMMON_BLOCKS = YES;
				GCC_OPTIMIZATION_LEVEL = 0;
				GCC_PREPROCESSOR_DEFINITIONS = (
					"DEBUG=1",
					"$(inherited)",
				);
				GCC_WARN_64_TO_32_BIT_CONVERSION = YES;
				GCC_WARN_ABOUT_RETURN_TYPE = YES_ERROR;
				GCC_WARN_UNDECLARED_SELECTOR = YES;
				GCC_WARN_UNINITIALIZED_AUTOS = YES_AGGRESSIVE;
				GCC_WARN_UNUSED_FUNCTION = YES;
				GCC_WARN_UNUSED_VARIABLE = YES;
				IPHONEOS_DEPLOYMENT_TARGET = 12.2;
				MTL_ENABLE_DEBUG_INFO = INCLUDE_SOURCE;
				MTL_FAST_MATH = YES;
				ONLY_ACTIVE_ARCH = YES;
				SDKROOT = iphoneos;
				SWIFT_ACTIVE_COMPILATION_CONDITIONS = DEBUG;
				SWIFT_OPTIMIZATION_LEVEL = "-Onone";
			};
			name = Debug;
		};
		E2C00A04227FBDB000E7E256 /* Release */ = {
			isa = XCBuildConfiguration;
			buildSettings = {
				ALWAYS_SEARCH_USER_PATHS = NO;
				CLANG_ANALYZER_NONNULL = YES;
				CLANG_ANALYZER_NUMBER_OBJECT_CONVERSION = YES_AGGRESSIVE;
				CLANG_CXX_LANGUAGE_STANDARD = "gnu++14";
				CLANG_CXX_LIBRARY = "libc++";
				CLANG_ENABLE_MODULES = YES;
				CLANG_ENABLE_OBJC_ARC = YES;
				CLANG_ENABLE_OBJC_WEAK = YES;
				CLANG_WARN_BLOCK_CAPTURE_AUTORELEASING = YES;
				CLANG_WARN_BOOL_CONVERSION = YES;
				CLANG_WARN_COMMA = YES;
				CLANG_WARN_CONSTANT_CONVERSION = YES;
				CLANG_WARN_DEPRECATED_OBJC_IMPLEMENTATIONS = YES;
				CLANG_WARN_DIRECT_OBJC_ISA_USAGE = YES_ERROR;
				CLANG_WARN_DOCUMENTATION_COMMENTS = YES;
				CLANG_WARN_EMPTY_BODY = YES;
				CLANG_WARN_ENUM_CONVERSION = YES;
				CLANG_WARN_INFINITE_RECURSION = YES;
				CLANG_WARN_INT_CONVERSION = YES;
				CLANG_WARN_NON_LITERAL_NULL_CONVERSION = YES;
				CLANG_WARN_OBJC_IMPLICIT_RETAIN_SELF = YES;
				CLANG_WARN_OBJC_LITERAL_CONVERSION = YES;
				CLANG_WARN_OBJC_ROOT_CLASS = YES_ERROR;
				CLANG_WARN_RANGE_LOOP_ANALYSIS = YES;
				CLANG_WARN_STRICT_PROTOTYPES = YES;
				CLANG_WARN_SUSPICIOUS_MOVE = YES;
				CLANG_WARN_UNGUARDED_AVAILABILITY = YES_AGGRESSIVE;
				CLANG_WARN_UNREACHABLE_CODE = YES;
				CLANG_WARN__DUPLICATE_METHOD_MATCH = YES;
				CODE_SIGN_IDENTITY = "iPhone Developer";
				COPY_PHASE_STRIP = NO;
				DEBUG_INFORMATION_FORMAT = "dwarf-with-dsym";
				ENABLE_NS_ASSERTIONS = NO;
				ENABLE_STRICT_OBJC_MSGSEND = YES;
				GCC_C_LANGUAGE_STANDARD = gnu11;
				GCC_NO_COMMON_BLOCKS = YES;
				GCC_WARN_64_TO_32_BIT_CONVERSION = YES;
				GCC_WARN_ABOUT_RETURN_TYPE = YES_ERROR;
				GCC_WARN_UNDECLARED_SELECTOR = YES;
				GCC_WARN_UNINITIALIZED_AUTOS = YES_AGGRESSIVE;
				GCC_WARN_UNUSED_FUNCTION = YES;
				GCC_WARN_UNUSED_VARIABLE = YES;
				IPHONEOS_DEPLOYMENT_TARGET = 12.2;
				MTL_ENABLE_DEBUG_INFO = NO;
				MTL_FAST_MATH = YES;
				SDKROOT = iphoneos;
				SWIFT_COMPILATION_MODE = wholemodule;
				SWIFT_OPTIMIZATION_LEVEL = "-O";
				VALIDATE_PRODUCT = YES;
			};
			name = Release;
		};
		E2C00A06227FBDB000E7E256 /* Debug */ = {
			isa = XCBuildConfiguration;
			buildSettings = {
				ASSETCATALOG_COMPILER_APPICON_NAME = AppIcon;
				CODE_SIGN_STYLE = Automatic;
				DEVELOPMENT_TEAM = "";
				INFOPLIST_FILE = DTask/Info.plist;
				LD_RUNPATH_SEARCH_PATHS = (
					"$(inherited)",
					"@executable_path/Frameworks",
				);
				PRODUCT_BUNDLE_IDENTIFIER = bosh.DTask;
				PRODUCT_NAME = "$(TARGET_NAME)";
				SWIFT_VERSION = 5.0;
				TARGETED_DEVICE_FAMILY = "1,2";
			};
			name = Debug;
		};
		E2C00A07227FBDB000E7E256 /* Release */ = {
			isa = XCBuildConfiguration;
			buildSettings = {
				ASSETCATALOG_COMPILER_APPICON_NAME = AppIcon;
				CODE_SIGN_STYLE = Automatic;
				DEVELOPMENT_TEAM = "";
				INFOPLIST_FILE = DTask/Info.plist;
				LD_RUNPATH_SEARCH_PATHS = (
					"$(inherited)",
					"@executable_path/Frameworks",
				);
				PRODUCT_BUNDLE_IDENTIFIER = bosh.DTask;
				PRODUCT_NAME = "$(TARGET_NAME)";
				SWIFT_VERSION = 5.0;
				TARGETED_DEVICE_FAMILY = "1,2";
			};
			name = Release;
		};
		E2C00A09227FBDB000E7E256 /* Debug */ = {
			isa = XCBuildConfiguration;
			buildSettings = {
				ALWAYS_EMBED_SWIFT_STANDARD_LIBRARIES = YES;
				BUNDLE_LOADER = "$(TEST_HOST)";
				CODE_SIGN_STYLE = Automatic;
				INFOPLIST_FILE = DTaskTests/Info.plist;
				LD_RUNPATH_SEARCH_PATHS = (
					"$(inherited)",
					"@executable_path/Frameworks",
					"@loader_path/Frameworks",
				);
				PRODUCT_BUNDLE_IDENTIFIER = bosh.DTaskTests;
				PRODUCT_NAME = "$(TARGET_NAME)";
				SWIFT_VERSION = 5.0;
				TARGETED_DEVICE_FAMILY = "1,2";
				TEST_HOST = "$(BUILT_PRODUCTS_DIR)/DTask.app/DTask";
			};
			name = Debug;
		};
		E2C00A0A227FBDB000E7E256 /* Release */ = {
			isa = XCBuildConfiguration;
			buildSettings = {
				ALWAYS_EMBED_SWIFT_STANDARD_LIBRARIES = YES;
				BUNDLE_LOADER = "$(TEST_HOST)";
				CODE_SIGN_STYLE = Automatic;
				INFOPLIST_FILE = DTaskTests/Info.plist;
				LD_RUNPATH_SEARCH_PATHS = (
					"$(inherited)",
					"@executable_path/Frameworks",
					"@loader_path/Frameworks",
				);
				PRODUCT_BUNDLE_IDENTIFIER = bosh.DTaskTests;
				PRODUCT_NAME = "$(TARGET_NAME)";
				SWIFT_VERSION = 5.0;
				TARGETED_DEVICE_FAMILY = "1,2";
				TEST_HOST = "$(BUILT_PRODUCTS_DIR)/DTask.app/DTask";
			};
			name = Release;
		};
		E2C00A0C227FBDB000E7E256 /* Debug */ = {
			isa = XCBuildConfiguration;
			buildSettings = {
				ALWAYS_EMBED_SWIFT_STANDARD_LIBRARIES = YES;
				CODE_SIGN_STYLE = Automatic;
				INFOPLIST_FILE = DTaskUITests/Info.plist;
				LD_RUNPATH_SEARCH_PATHS = (
					"$(inherited)",
					"@executable_path/Frameworks",
					"@loader_path/Frameworks",
				);
				PRODUCT_BUNDLE_IDENTIFIER = bosh.DTaskUITests;
				PRODUCT_NAME = "$(TARGET_NAME)";
				SWIFT_VERSION = 5.0;
				TARGETED_DEVICE_FAMILY = "1,2";
				TEST_TARGET_NAME = DTask;
			};
			name = Debug;
		};
		E2C00A0D227FBDB000E7E256 /* Release */ = {
			isa = XCBuildConfiguration;
			buildSettings = {
				ALWAYS_EMBED_SWIFT_STANDARD_LIBRARIES = YES;
				CODE_SIGN_STYLE = Automatic;
				INFOPLIST_FILE = DTaskUITests/Info.plist;
				LD_RUNPATH_SEARCH_PATHS = (
					"$(inherited)",
					"@executable_path/Frameworks",
					"@loader_path/Frameworks",
				);
				PRODUCT_BUNDLE_IDENTIFIER = bosh.DTaskUITests;
				PRODUCT_NAME = "$(TARGET_NAME)";
				SWIFT_VERSION = 5.0;
				TARGETED_DEVICE_FAMILY = "1,2";
				TEST_TARGET_NAME = DTask;
			};
			name = Release;
		};
/* End XCBuildConfiguration section */

/* Begin XCConfigurationList section */
		E2C009D8227FBDAC00E7E256 /* Build configuration list for PBXProject "DTask" */ = {
			isa = XCConfigurationList;
			buildConfigurations = (
				E2C00A03227FBDB000E7E256 /* Debug */,
				E2C00A04227FBDB000E7E256 /* Release */,
			);
			defaultConfigurationIsVisible = 0;
			defaultConfigurationName = Release;
		};
		E2C00A05227FBDB000E7E256 /* Build configuration list for PBXNativeTarget "DTask" */ = {
			isa = XCConfigurationList;
			buildConfigurations = (
				E2C00A06227FBDB000E7E256 /* Debug */,
				E2C00A07227FBDB000E7E256 /* Release */,
			);
			defaultConfigurationIsVisible = 0;
			defaultConfigurationName = Release;
		};
		E2C00A08227FBDB000E7E256 /* Build configuration list for PBXNativeTarget "DTaskTests" */ = {
			isa = XCConfigurationList;
			buildConfigurations = (
				E2C00A09227FBDB000E7E256 /* Debug */,
				E2C00A0A227FBDB000E7E256 /* Release */,
			);
			defaultConfigurationIsVisible = 0;
			defaultConfigurationName = Release;
		};
		E2C00A0B227FBDB000E7E256 /* Build configuration list for PBXNativeTarget "DTaskUITests" */ = {
			isa = XCConfigurationList;
			buildConfigurations = (
				E2C00A0C227FBDB000E7E256 /* Debug */,
				E2C00A0D227FBDB000E7E256 /* Release */,
			);
			defaultConfigurationIsVisible = 0;
			defaultConfigurationName = Release;
		};
/* End XCConfigurationList section */
	};
	rootObject = E2C009D5227FBDAC00E7E256 /* Project object */;
}
