// !$*UTF8*$!
{
	archiveVersion = 1;
	classes = {
	};
	objectVersion = 50;
	objects = {

/* Begin PBXBuildFile section */
		84AE0DEBAC4F546F625C0B67 /* Pods_DTaskTests.framework in Frameworks */ = {isa = PBXBuildFile; fileRef = DFCB0FD70ED233D375FA4840 /* Pods_DTaskTests.framework */; };
		D1916933648E27FB4294C401 /* Pods_DTaskUITests.framework in Frameworks */ = {isa = PBXBuildFile; fileRef = 86FD41644F3AC5F4C770AF14 /* Pods_DTaskUITests.framework */; };
		E27C67DE22847B2A00FF1AB2 /* Connection.swift in Sources */ = {isa = PBXBuildFile; fileRef = E27C67DD22847B2A00FF1AB2 /* Connection.swift */; };
		E27C67E02284994700FF1AB2 /* logo.png in Resources */ = {isa = PBXBuildFile; fileRef = E27C67DF2284994700FF1AB2 /* logo.png */; };
		E2BCA3A122806FD800C49398 /* DailyPrice.swift in Sources */ = {isa = PBXBuildFile; fileRef = E2BCA3A022806FD800C49398 /* DailyPrice.swift */; };
		E2BCA3A32280700000C49398 /* Company.swift in Sources */ = {isa = PBXBuildFile; fileRef = E2BCA3A222806FFF00C49398 /* Company.swift */; };
		E2BCA3A52280702100C49398 /* Companies.swift in Sources */ = {isa = PBXBuildFile; fileRef = E2BCA3A42280702100C49398 /* Companies.swift */; };
		E2BCA3A7228072E100C49398 /* HomePageCell.swift in Sources */ = {isa = PBXBuildFile; fileRef = E2BCA3A6228072E100C49398 /* HomePageCell.swift */; };
		E2BCA3A922807A3F00C49398 /* HomePageController.swift in Sources */ = {isa = PBXBuildFile; fileRef = E2BCA3A822807A3F00C49398 /* HomePageController.swift */; };
		E2BCA3AB2281197D00C49398 /* companies.json in Resources */ = {isa = PBXBuildFile; fileRef = E2BCA3AA2281197D00C49398 /* companies.json */; };
		E2BCA3AD228119E900C49398 /* SearchViewController.swift in Sources */ = {isa = PBXBuildFile; fileRef = E2BCA3AC228119E900C49398 /* SearchViewController.swift */; };
		E2BCA3AF22811A6C00C49398 /* SearchViewCell.swift in Sources */ = {isa = PBXBuildFile; fileRef = E2BCA3AE22811A6C00C49398 /* SearchViewCell.swift */; };
		E2BCA3B12281D5C400C49398 /* CompanyController.swift in Sources */ = {isa = PBXBuildFile; fileRef = E2BCA3B02281D5C300C49398 /* CompanyController.swift */; };
		E2BCA3B32281E40500C49398 /* FavouriteController.swift in Sources */ = {isa = PBXBuildFile; fileRef = E2BCA3B22281E40500C49398 /* FavouriteController.swift */; };
		E2BCA3B72281E5EF00C49398 /* FavouriteViewCell.swift in Sources */ = {isa = PBXBuildFile; fileRef = E2BCA3B62281E5EF00C49398 /* FavouriteViewCell.swift */; };
		E2C009E1227FBDAD00E7E256 /* AppDelegate.swift in Sources */ = {isa = PBXBuildFile; fileRef = E2C009E0227FBDAD00E7E256 /* AppDelegate.swift */; };
		E2C009E6227FBDAD00E7E256 /* Main.storyboard in Resources */ = {isa = PBXBuildFile; fileRef = E2C009E4227FBDAD00E7E256 /* Main.storyboard */; };
		E2C009E8227FBDB000E7E256 /* Assets.xcassets in Resources */ = {isa = PBXBuildFile; fileRef = E2C009E7227FBDB000E7E256 /* Assets.xcassets */; };
		E2C009EB227FBDB000E7E256 /* LaunchScreen.storyboard in Resources */ = {isa = PBXBuildFile; fileRef = E2C009E9227FBDB000E7E256 /* LaunchScreen.storyboard */; };
		E2C009F6227FBDB000E7E256 /* DTaskTests.swift in Sources */ = {isa = PBXBuildFile; fileRef = E2C009F5227FBDB000E7E256 /* DTaskTests.swift */; };
		E2C00A01227FBDB000E7E256 /* DTaskUITests.swift in Sources */ = {isa = PBXBuildFile; fileRef = E2C00A00227FBDB000E7E256 /* DTaskUITests.swift */; };
		E2C2E4C922829154002DD342 /* TabBarController.swift in Sources */ = {isa = PBXBuildFile; fileRef = E2C2E4C822829154002DD342 /* TabBarController.swift */; };
		E2C2E4CF22831505002DD342 /* NotificationController.swift in Sources */ = {isa = PBXBuildFile; fileRef = E2C2E4CE22831505002DD342 /* NotificationController.swift */; };
		E2C2E4D322831573002DD342 /* NotificationCell.swift in Sources */ = {isa = PBXBuildFile; fileRef = E2C2E4D222831573002DD342 /* NotificationCell.swift */; };
		F7C1C07BC6D4159868809D5C /* Pods_DTask.framework in Frameworks */ = {isa = PBXBuildFile; fileRef = 86E49812341A983805B34A44 /* Pods_DTask.framework */; };
/* End PBXBuildFile section */

/* Begin PBXContainerItemProxy section */
		E2C009F2227FBDB000E7E256 /* PBXContainerItemProxy */ = {
			isa = PBXContainerItemProxy;
			containerPortal = E2C009D5227FBDAC00E7E256 /* Project object */;
			proxyType = 1;
			remoteGlobalIDString = E2C009DC227FBDAC00E7E256;
			remoteInfo = DTask;
		};
		E2C009FD227FBDB000E7E256 /* PBXContainerItemProxy */ = {
			isa = PBXContainerItemProxy;
			containerPortal = E2C009D5227FBDAC00E7E256 /* Project object */;
			proxyType = 1;
			remoteGlobalIDString = E2C009DC227FBDAC00E7E256;
			remoteInfo = DTask;
		};
/* End PBXContainerItemProxy section */

/* Begin PBXFileReference section */
		2CDF5E79CD794765CF425922 /* Pods-DTaskTests.release.xcconfig */ = {isa = PBXFileReference; includeInIndex = 1; lastKnownFileType = text.xcconfig; name = "Pods-DTaskTests.release.xcconfig"; path = "Target Support Files/Pods-DTaskTests/Pods-DTaskTests.release.xcconfig"; sourceTree = "<group>"; };
		6D1329622192A2AB0C1BB817 /* Pods-DTask.debug.xcconfig */ = {isa = PBXFileReference; includeInIndex = 1; lastKnownFileType = text.xcconfig; name = "Pods-DTask.debug.xcconfig"; path = "Target Support Files/Pods-DTask/Pods-DTask.debug.xcconfig"; sourceTree = "<group>"; };
		7031F2697137FA826BD268B0 /* Pods-DTaskTests.debug.xcconfig */ = {isa = PBXFileReference; includeInIndex = 1; lastKnownFileType = text.xcconfig; name = "Pods-DTaskTests.debug.xcconfig"; path = "Target Support Files/Pods-DTaskTests/Pods-DTaskTests.debug.xcconfig"; sourceTree = "<group>"; };
		86E49812341A983805B34A44 /* Pods_DTask.framework */ = {isa = PBXFileReference; explicitFileType = wrapper.framework; includeInIndex = 0; path = Pods_DTask.framework; sourceTree = BUILT_PRODUCTS_DIR; };
		86FD41644F3AC5F4C770AF14 /* Pods_DTaskUITests.framework */ = {isa = PBXFileReference; explicitFileType = wrapper.framework; includeInIndex = 0; path = Pods_DTaskUITests.framework; sourceTree = BUILT_PRODUCTS_DIR; };
		BA49CE01FC2E4895A1CE02FE /* Pods-DTaskUITests.release.xcconfig */ = {isa = PBXFileReference; includeInIndex = 1; lastKnownFileType = text.xcconfig; name = "Pods-DTaskUITests.release.xcconfig"; path = "Target Support Files/Pods-DTaskUITests/Pods-DTaskUITests.release.xcconfig"; sourceTree = "<group>"; };
		BE911E5379E49B964304F4F2 /* Pods-DTask.release.xcconfig */ = {isa = PBXFileReference; includeInIndex = 1; lastKnownFileType = text.xcconfig; name = "Pods-DTask.release.xcconfig"; path = "Target Support Files/Pods-DTask/Pods-DTask.release.xcconfig"; sourceTree = "<group>"; };
		DFCB0FD70ED233D375FA4840 /* Pods_DTaskTests.framework */ = {isa = PBXFileReference; explicitFileType = wrapper.framework; includeInIndex = 0; path = Pods_DTaskTests.framework; sourceTree = BUILT_PRODUCTS_DIR; };
		E27C67DD22847B2A00FF1AB2 /* Connection.swift */ = {isa = PBXFileReference; lastKnownFileType = sourcecode.swift; path = Connection.swift; sourceTree = "<group>"; };
		E27C67DF2284994700FF1AB2 /* logo.png */ = {isa = PBXFileReference; lastKnownFileType = image.png; name = logo.png; path = Assets.xcassets/logo.png; sourceTree = "<group>"; };
		E2BCA3A022806FD800C49398 /* DailyPrice.swift */ = {isa = PBXFileReference; lastKnownFileType = sourcecode.swift; path = DailyPrice.swift; sourceTree = "<group>"; };
		E2BCA3A222806FFF00C49398 /* Company.swift */ = {isa = PBXFileReference; lastKnownFileType = sourcecode.swift; path = Company.swift; sourceTree = "<group>"; };
		E2BCA3A42280702100C49398 /* Companies.swift */ = {isa = PBXFileReference; lastKnownFileType = sourcecode.swift; path = Companies.swift; sourceTree = "<group>"; };
		E2BCA3A6228072E100C49398 /* HomePageCell.swift */ = {isa = PBXFileReference; lastKnownFileType = sourcecode.swift; path = HomePageCell.swift; sourceTree = "<group>"; };
		E2BCA3A822807A3F00C49398 /* HomePageController.swift */ = {isa = PBXFileReference; lastKnownFileType = sourcecode.swift; path = HomePageController.swift; sourceTree = "<group>"; };
		E2BCA3AA2281197D00C49398 /* companies.json */ = {isa = PBXFileReference; lastKnownFileType = text.json; name = companies.json; path = ../companies.json; sourceTree = "<group>"; };
		E2BCA3AC228119E900C49398 /* SearchViewController.swift */ = {isa = PBXFileReference; lastKnownFileType = sourcecode.swift; path = SearchViewController.swift; sourceTree = "<group>"; };
		E2BCA3AE22811A6C00C49398 /* SearchViewCell.swift */ = {isa = PBXFileReference; lastKnownFileType = sourcecode.swift; path = SearchViewCell.swift; sourceTree = "<group>"; };
		E2BCA3B02281D5C300C49398 /* CompanyController.swift */ = {isa = PBXFileReference; lastKnownFileType = sourcecode.swift; path = CompanyController.swift; sourceTree = "<group>"; };
		E2BCA3B22281E40500C49398 /* FavouriteController.swift */ = {isa = PBXFileReference; lastKnownFileType = sourcecode.swift; path = FavouriteController.swift; sourceTree = "<group>"; };
		E2BCA3B62281E5EF00C49398 /* FavouriteViewCell.swift */ = {isa = PBXFileReference; lastKnownFileType = sourcecode.swift; path = FavouriteViewCell.swift; sourceTree = "<group>"; };
		E2C009DD227FBDAD00E7E256 /* DTask.app */ = {isa = PBXFileReference; explicitFileType = wrapper.application; includeInIndex = 0; path = DTask.app; sourceTree = BUILT_PRODUCTS_DIR; };
		E2C009E0227FBDAD00E7E256 /* AppDelegate.swift */ = {isa = PBXFileReference; lastKnownFileType = sourcecode.swift; path = AppDelegate.swift; sourceTree = "<group>"; };
		E2C009E5227FBDAD00E7E256 /* Base */ = {isa = PBXFileReference; lastKnownFileType = file.storyboard; name = Base; path = Base.lproj/Main.storyboard; sourceTree = "<group>"; };
		E2C009E7227FBDB000E7E256 /* Assets.xcassets */ = {isa = PBXFileReference; lastKnownFileType = folder.assetcatalog; path = Assets.xcassets; sourceTree = "<group>"; };
		E2C009EA227FBDB000E7E256 /* Base */ = {isa = PBXFileReference; lastKnownFileType = file.storyboard; name = Base; path = Base.lproj/LaunchScreen.storyboard; sourceTree = "<group>"; };
		E2C009EC227FBDB000E7E256 /* Info.plist */ = {isa = PBXFileReference; lastKnownFileType = text.plist.xml; path = Info.plist; sourceTree = "<group>"; };
		E2C009F1227FBDB000E7E256 /* DTaskTests.xctest */ = {isa = PBXFileReference; explicitFileType = wrapper.cfbundle; includeInIndex = 0; path = DTaskTests.xctest; sourceTree = BUILT_PRODUCTS_DIR; };
		E2C009F5227FBDB000E7E256 /* DTaskTests.swift */ = {isa = PBXFileReference; lastKnownFileType = sourcecode.swift; path = DTaskTests.swift; sourceTree = "<group>"; };
		E2C009F7227FBDB000E7E256 /* Info.plist */ = {isa = PBXFileReference; lastKnownFileType = text.plist.xml; path = Info.plist; sourceTree = "<group>"; };
		E2C009FC227FBDB000E7E256 /* DTaskUITests.xctest */ = {isa = PBXFileReference; explicitFileType = wrapper.cfbundle; includeInIndex = 0; path = DTaskUITests.xctest; sourceTree = BUILT_PRODUCTS_DIR; };
		E2C00A00227FBDB000E7E256 /* DTaskUITests.swift */ = {isa = PBXFileReference; lastKnownFileType = sourcecode.swift; path = DTaskUITests.swift; sourceTree = "<group>"; };
		E2C00A02227FBDB000E7E256 /* Info.plist */ = {isa = PBXFileReference; lastKnownFileType = text.plist.xml; path = Info.plist; sourceTree = "<group>"; };
		E2C2E4C822829154002DD342 /* TabBarController.swift */ = {isa = PBXFileReference; lastKnownFileType = sourcecode.swift; path = TabBarController.swift; sourceTree = "<group>"; };
		E2C2E4CE22831505002DD342 /* NotificationController.swift */ = {isa = PBXFileReference; lastKnownFileType = sourcecode.swift; path = NotificationController.swift; sourceTree = "<group>"; };
		E2C2E4D222831573002DD342 /* NotificationCell.swift */ = {isa = PBXFileReference; lastKnownFileType = sourcecode.swift; path = NotificationCell.swift; sourceTree = "<group>"; };
		E2C2E4D42283E3C6002DD342 /* DTask.entitlements */ = {isa = PBXFileReference; lastKnownFileType = text.plist.entitlements; path = DTask.entitlements; sourceTree = "<group>"; };
		F8ED60B7F7209D70289446B9 /* Pods-DTaskUITests.debug.xcconfig */ = {isa = PBXFileReference; includeInIndex = 1; lastKnownFileType = text.xcconfig; name = "Pods-DTaskUITests.debug.xcconfig"; path = "Target Support Files/Pods-DTaskUITests/Pods-DTaskUITests.debug.xcconfig"; sourceTree = "<group>"; };
/* End PBXFileReference section */

/* Begin PBXFrameworksBuildPhase section */
		E2C009DA227FBDAC00E7E256 /* Frameworks */ = {
			isa = PBXFrameworksBuildPhase;
			buildActionMask = 2147483647;
			files = (
				F7C1C07BC6D4159868809D5C /* Pods_DTask.framework in Frameworks */,
			);
			runOnlyForDeploymentPostprocessing = 0;
		};
		E2C009EE227FBDB000E7E256 /* Frameworks */ = {
			isa = PBXFrameworksBuildPhase;
			buildActionMask = 2147483647;
			files = (
				84AE0DEBAC4F546F625C0B67 /* Pods_DTaskTests.framework in Frameworks */,
			);
			runOnlyForDeploymentPostprocessing = 0;
		};
		E2C009F9227FBDB000E7E256 /* Frameworks */ = {
			isa = PBXFrameworksBuildPhase;
			buildActionMask = 2147483647;
			files = (
				D1916933648E27FB4294C401 /* Pods_DTaskUITests.framework in Frameworks */,
			);
			runOnlyForDeploymentPostprocessing = 0;
		};
/* End PBXFrameworksBuildPhase section */

/* Begin PBXGroup section */
		0DEF31A938B57AC3E512BF6F /* Frameworks */ = {
			isa = PBXGroup;
			children = (
				86E49812341A983805B34A44 /* Pods_DTask.framework */,
				DFCB0FD70ED233D375FA4840 /* Pods_DTaskTests.framework */,
				86FD41644F3AC5F4C770AF14 /* Pods_DTaskUITests.framework */,
			);
			name = Frameworks;
			sourceTree = "<group>";
		};
		BA933A58C63EED2E493A988D /* Pods */ = {
			isa = PBXGroup;
			children = (
				6D1329622192A2AB0C1BB817 /* Pods-DTask.debug.xcconfig */,
				BE911E5379E49B964304F4F2 /* Pods-DTask.release.xcconfig */,
				7031F2697137FA826BD268B0 /* Pods-DTaskTests.debug.xcconfig */,
				2CDF5E79CD794765CF425922 /* Pods-DTaskTests.release.xcconfig */,
				F8ED60B7F7209D70289446B9 /* Pods-DTaskUITests.debug.xcconfig */,
				BA49CE01FC2E4895A1CE02FE /* Pods-DTaskUITests.release.xcconfig */,
			);
			path = Pods;
			sourceTree = "<group>";
		};
		E2C009D4227FBDAC00E7E256 = {
			isa = PBXGroup;
			children = (
				E2C009DF227FBDAD00E7E256 /* DTask */,
				E2C009F4227FBDB000E7E256 /* DTaskTests */,
				E2C009FF227FBDB000E7E256 /* DTaskUITests */,
				E2C009DE227FBDAD00E7E256 /* Products */,
				BA933A58C63EED2E493A988D /* Pods */,
				0DEF31A938B57AC3E512BF6F /* Frameworks */,
			);
			sourceTree = "<group>";
		};
		E2C009DE227FBDAD00E7E256 /* Products */ = {
			isa = PBXGroup;
			children = (
				E2C009DD227FBDAD00E7E256 /* DTask.app */,
				E2C009F1227FBDB000E7E256 /* DTaskTests.xctest */,
				E2C009FC227FBDB000E7E256 /* DTaskUITests.xctest */,
			);
			name = Products;
			sourceTree = "<group>";
		};
		E2C009DF227FBDAD00E7E256 /* DTask */ = {
			isa = PBXGroup;
			children = (
				E2C2E4D42283E3C6002DD342 /* DTask.entitlements */,
				E2C00A14227FC2D500E7E256 /* Controller Object */,
				E2C00A13227FC2B800E7E256 /* Model Object */,
				E2C00A10227FC27700E7E256 /* View Object */,
				E2C009EC227FBDB000E7E256 /* Info.plist */,
			);
			path = DTask;
			sourceTree = "<group>";
		};
		E2C009F4227FBDB000E7E256 /* DTaskTests */ = {
			isa = PBXGroup;
			children = (
				E2C009F5227FBDB000E7E256 /* DTaskTests.swift */,
				E2C009F7227FBDB000E7E256 /* Info.plist */,
			);
			path = DTaskTests;
			sourceTree = "<group>";
		};
		E2C009FF227FBDB000E7E256 /* DTaskUITests */ = {
			isa = PBXGroup;
			children = (
				E2C00A00227FBDB000E7E256 /* DTaskUITests.swift */,
				E2C00A02227FBDB000E7E256 /* Info.plist */,
			);
			path = DTaskUITests;
			sourceTree = "<group>";
		};
		E2C00A10227FC27700E7E256 /* View Object */ = {
			isa = PBXGroup;
			children = (
				E27C67DF2284994700FF1AB2 /* logo.png */,
				E2C009E0227FBDAD00E7E256 /* AppDelegate.swift */,
				E2C009E4227FBDAD00E7E256 /* Main.storyboard */,
				E2C009E9227FBDB000E7E256 /* LaunchScreen.storyboard */,
				E2BCA3A6228072E100C49398 /* HomePageCell.swift */,
				E2BCA3AE22811A6C00C49398 /* SearchViewCell.swift */,
				E2BCA3B62281E5EF00C49398 /* FavouriteViewCell.swift */,
				E2C2E4D222831573002DD342 /* NotificationCell.swift */,
			);
			name = "View Object";
			sourceTree = "<group>";
		};
		E2C00A13227FC2B800E7E256 /* Model Object */ = {
			isa = PBXGroup;
			children = (
				E2BCA3AA2281197D00C49398 /* companies.json */,
				E2C009E7227FBDB000E7E256 /* Assets.xcassets */,
				E2BCA3A022806FD800C49398 /* DailyPrice.swift */,
				E2BCA3A222806FFF00C49398 /* Company.swift */,
				E2BCA3A42280702100C49398 /* Companies.swift */,
				E27C67DD22847B2A00FF1AB2 /* Connection.swift */,
			);
			name = "Model Object";
			sourceTree = "<group>";
		};
		E2C00A14227FC2D500E7E256 /* Controller Object */ = {
			isa = PBXGroup;
			children = (
				E2C2E4C822829154002DD342 /* TabBarController.swift */,
				E2BCA3A822807A3F00C49398 /* HomePageController.swift */,
				E2BCA3AC228119E900C49398 /* SearchViewController.swift */,
				E2BCA3B02281D5C300C49398 /* CompanyController.swift */,
				E2BCA3B22281E40500C49398 /* FavouriteController.swift */,
				E2C2E4CE22831505002DD342 /* NotificationController.swift */,
			);
			name = "Controller Object";
			sourceTree = "<group>";
		};
/* End PBXGroup section */

/* Begin PBXNativeTarget section */
		E2C009DC227FBDAC00E7E256 /* DTask */ = {
			isa = PBXNativeTarget;
			buildConfigurationList = E2C00A05227FBDB000E7E256 /* Build configuration list for PBXNativeTarget "DTask" */;
			buildPhases = (
				BDE8199A697DA690FB6EB4C7 /* [CP] Check Pods Manifest.lock */,
				E2C009D9227FBDAC00E7E256 /* Sources */,
				E2C009DA227FBDAC00E7E256 /* Frameworks */,
				E2C009DB227FBDAC00E7E256 /* Resources */,
				1FBDBDBC92E86DE834429FF4 /* [CP] Embed Pods Frameworks */,
			);
			buildRules = (
			);
			dependencies = (
			);
			name = DTask;
			productName = DTask;
			productReference = E2C009DD227FBDAD00E7E256 /* DTask.app */;
			productType = "com.apple.product-type.application";
		};
		E2C009F0227FBDB000E7E256 /* DTaskTests */ = {
			isa = PBXNativeTarget;
			buildConfigurationList = E2C00A08227FBDB000E7E256 /* Build configuration list for PBXNativeTarget "DTaskTests" */;
			buildPhases = (
				BD10F5FDCF4BC43299918FA9 /* [CP] Check Pods Manifest.lock */,
				E2C009ED227FBDB000E7E256 /* Sources */,
				E2C009EE227FBDB000E7E256 /* Frameworks */,
				E2C009EF227FBDB000E7E256 /* Resources */,
			);
			buildRules = (
			);
			dependencies = (
				E2C009F3227FBDB000E7E256 /* PBXTargetDependency */,
			);
			name = DTaskTests;
			productName = DTaskTests;
			productReference = E2C009F1227FBDB000E7E256 /* DTaskTests.xctest */;
			productType = "com.apple.product-type.bundle.unit-test";
		};
		E2C009FB227FBDB000E7E256 /* DTaskUITests */ = {
			isa = PBXNativeTarget;
			buildConfigurationList = E2C00A0B227FBDB000E7E256 /* Build configuration list for PBXNativeTarget "DTaskUITests" */;
			buildPhases = (
				A8A4BB963520F837575FF04E /* [CP] Check Pods Manifest.lock */,
				E2C009F8227FBDB000E7E256 /* Sources */,
				E2C009F9227FBDB000E7E256 /* Frameworks */,
				E2C009FA227FBDB000E7E256 /* Resources */,
			);
			buildRules = (
			);
			dependencies = (
				E2C009FE227FBDB000E7E256 /* PBXTargetDependency */,
			);
			name = DTaskUITests;
			productName = DTaskUITests;
			productReference = E2C009FC227FBDB000E7E256 /* DTaskUITests.xctest */;
			productType = "com.apple.product-type.bundle.ui-testing";
		};
/* End PBXNativeTarget section */

/* Begin PBXProject section */
		E2C009D5227FBDAC00E7E256 /* Project object */ = {
			isa = PBXProject;
			attributes = {
				LastSwiftUpdateCheck = 1020;
				LastUpgradeCheck = 1020;
				ORGANIZATIONNAME = "Bosh Ng";
				TargetAttributes = {
					E2C009DC227FBDAC00E7E256 = {
						CreatedOnToolsVersion = 10.2;
						SystemCapabilities = {
							com.apple.BackgroundModes = {
								enabled = 0;
							};
							com.apple.Push = {
								enabled = 0;
							};
						};
					};
					E2C009F0227FBDB000E7E256 = {
						CreatedOnToolsVersion = 10.2;
						TestTargetID = E2C009DC227FBDAC00E7E256;
					};
					E2C009FB227FBDB000E7E256 = {
						CreatedOnToolsVersion = 10.2;
						TestTargetID = E2C009DC227FBDAC00E7E256;
					};
				};
			};
			buildConfigurationList = E2C009D8227FBDAC00E7E256 /* Build configuration list for PBXProject "DTask" */;
			compatibilityVersion = "Xcode 9.3";
			developmentRegion = en;
			hasScannedForEncodings = 0;
			knownRegions = (
				en,
				Base,
			);
			mainGroup = E2C009D4227FBDAC00E7E256;
			productRefGroup = E2C009DE227FBDAD00E7E256 /* Products */;
			projectDirPath = "";
			projectRoot = "";
			targets = (
				E2C009DC227FBDAC00E7E256 /* DTask */,
				E2C009F0227FBDB000E7E256 /* DTaskTests */,
				E2C009FB227FBDB000E7E256 /* DTaskUITests */,
			);
		};
/* End PBXProject section */

/* Begin PBXResourcesBuildPhase section */
		E2C009DB227FBDAC00E7E256 /* Resources */ = {
			isa = PBXResourcesBuildPhase;
			buildActionMask = 2147483647;
			files = (
				E2BCA3AB2281197D00C49398 /* companies.json in Resources */,
				E27C67E02284994700FF1AB2 /* logo.png in Resources */,
				E2C009EB227FBDB000E7E256 /* LaunchScreen.storyboard in Resources */,
				E2C009E8227FBDB000E7E256 /* Assets.xcassets in Resources */,
				E2C009E6227FBDAD00E7E256 /* Main.storyboard in Resources */,
			);
			runOnlyForDeploymentPostprocessing = 0;
		};
		E2C009EF227FBDB000E7E256 /* Resources */ = {
			isa = PBXResourcesBuildPhase;
			buildActionMask = 2147483647;
			files = (
			);
			runOnlyForDeploymentPostprocessing = 0;
		};
		E2C009FA227FBDB000E7E256 /* Resources */ = {
			isa = PBXResourcesBuildPhase;
			buildActionMask = 2147483647;
			files = (
			);
			runOnlyForDeploymentPostprocessing = 0;
		};
/* End PBXResourcesBuildPhase section */

/* Begin PBXShellScriptBuildPhase section */
		1FBDBDBC92E86DE834429FF4 /* [CP] Embed Pods Frameworks */ = {
			isa = PBXShellScriptBuildPhase;
			buildActionMask = 2147483647;
			files = (
			);
			inputFileListPaths = (
			);
			inputPaths = (
				"${PODS_ROOT}/Target Support Files/Pods-DTask/Pods-DTask-frameworks.sh",
				"${BUILT_PRODUCTS_DIR}/Charts/Charts.framework",
			);
			name = "[CP] Embed Pods Frameworks";
			outputFileListPaths = (
			);
			outputPaths = (
				"${TARGET_BUILD_DIR}/${FRAMEWORKS_FOLDER_PATH}/Charts.framework",
			);
			runOnlyForDeploymentPostprocessing = 0;
			shellPath = /bin/sh;
			shellScript = "\"${PODS_ROOT}/Target Support Files/Pods-DTask/Pods-DTask-frameworks.sh\"\n";
			showEnvVarsInLog = 0;
		};
		A8A4BB963520F837575FF04E /* [CP] Check Pods Manifest.lock */ = {
			isa = PBXShellScriptBuildPhase;
			buildActionMask = 2147483647;
			files = (
			);
			inputFileListPaths = (
			);
			inputPaths = (
				"${PODS_PODFILE_DIR_PATH}/Podfile.lock",
				"${PODS_ROOT}/Manifest.lock",
			);
			name = "[CP] Check Pods Manifest.lock";
			outputFileListPaths = (
			);
			outputPaths = (
				"$(DERIVED_FILE_DIR)/Pods-DTaskUITests-checkManifestLockResult.txt",
			);
			runOnlyForDeploymentPostprocessing = 0;
			shellPath = /bin/sh;
			shellScript = "diff \"${PODS_PODFILE_DIR_PATH}/Podfile.lock\" \"${PODS_ROOT}/Manifest.lock\" > /dev/null\nif [ $? != 0 ] ; then\n    # print error to STDERR\n    echo \"error: The sandbox is not in sync with the Podfile.lock. Run 'pod install' or update your CocoaPods installation.\" >&2\n    exit 1\nfi\n# This output is used by Xcode 'outputs' to avoid re-running this script phase.\necho \"SUCCESS\" > \"${SCRIPT_OUTPUT_FILE_0}\"\n";
			showEnvVarsInLog = 0;
		};
		BD10F5FDCF4BC43299918FA9 /* [CP] Check Pods Manifest.lock */ = {
			isa = PBXShellScriptBuildPhase;
			buildActionMask = 2147483647;
			files = (
			);
			inputFileListPaths = (
			);
			inputPaths = (
				"${PODS_PODFILE_DIR_PATH}/Podfile.lock",
				"${PODS_ROOT}/Manifest.lock",
			);
			name = "[CP] Check Pods Manifest.lock";
			outputFileListPaths = (
			);
			outputPaths = (
				"$(DERIVED_FILE_DIR)/Pods-DTaskTests-checkManifestLockResult.txt",
			);
			runOnlyForDeploymentPostprocessing = 0;
			shellPath = /bin/sh;
			shellScript = "diff \"${PODS_PODFILE_DIR_PATH}/Podfile.lock\" \"${PODS_ROOT}/Manifest.lock\" > /dev/null\nif [ $? != 0 ] ; then\n    # print error to STDERR\n    echo \"error: The sandbox is not in sync with the Podfile.lock. Run 'pod install' or update your CocoaPods installation.\" >&2\n    exit 1\nfi\n# This output is used by Xcode 'outputs' to avoid re-running this script phase.\necho \"SUCCESS\" > \"${SCRIPT_OUTPUT_FILE_0}\"\n";
			showEnvVarsInLog = 0;
		};
		BDE8199A697DA690FB6EB4C7 /* [CP] Check Pods Manifest.lock */ = {
			isa = PBXShellScriptBuildPhase;
			buildActionMask = 2147483647;
			files = (
			);
			inputFileListPaths = (
			);
			inputPaths = (
				"${PODS_PODFILE_DIR_PATH}/Podfile.lock",
				"${PODS_ROOT}/Manifest.lock",
			);
			name = "[CP] Check Pods Manifest.lock";
			outputFileListPaths = (
			);
			outputPaths = (
				"$(DERIVED_FILE_DIR)/Pods-DTask-checkManifestLockResult.txt",
			);
			runOnlyForDeploymentPostprocessing = 0;
			shellPath = /bin/sh;
			shellScript = "diff \"${PODS_PODFILE_DIR_PATH}/Podfile.lock\" \"${PODS_ROOT}/Manifest.lock\" > /dev/null\nif [ $? != 0 ] ; then\n    # print error to STDERR\n    echo \"error: The sandbox is not in sync with the Podfile.lock. Run 'pod install' or update your CocoaPods installation.\" >&2\n    exit 1\nfi\n# This output is used by Xcode 'outputs' to avoid re-running this script phase.\necho \"SUCCESS\" > \"${SCRIPT_OUTPUT_FILE_0}\"\n";
			showEnvVarsInLog = 0;
		};
/* End PBXShellScriptBuildPhase section */

/* Begin PBXSourcesBuildPhase section */
		E2C009D9227FBDAC00E7E256 /* Sources */ = {
			isa = PBXSourcesBuildPhase;
			buildActionMask = 2147483647;
			files = (
				E2BCA3AF22811A6C00C49398 /* SearchViewCell.swift in Sources */,
				E2BCA3A122806FD800C49398 /* DailyPrice.swift in Sources */,
				E2BCA3AD228119E900C49398 /* SearchViewController.swift in Sources */,
				E2BCA3A922807A3F00C49398 /* HomePageController.swift in Sources */,
				E2BCA3A7228072E100C49398 /* HomePageCell.swift in Sources */,
				E2C009E1227FBDAD00E7E256 /* AppDelegate.swift in Sources */,
				E2C2E4D322831573002DD342 /* NotificationCell.swift in Sources */,
				E27C67DE22847B2A00FF1AB2 /* Connection.swift in Sources */,
				E2BCA3A52280702100C49398 /* Companies.swift in Sources */,
				E2BCA3B72281E5EF00C49398 /* FavouriteViewCell.swift in Sources */,
				E2BCA3B12281D5C400C49398 /* CompanyController.swift in Sources */,
				E2C2E4CF22831505002DD342 /* NotificationController.swift in Sources */,
				E2C2E4C922829154002DD342 /* TabBarController.swift in Sources */,
				E2BCA3A32280700000C49398 /* Company.swift in Sources */,
				E2BCA3B32281E40500C49398 /* FavouriteController.swift in Sources */,
			);
			runOnlyForDeploymentPostprocessing = 0;
		};
		E2C009ED227FBDB000E7E256 /* Sources */ = {
			isa = PBXSourcesBuildPhase;
			buildActionMask = 2147483647;
			files = (
				E2C009F6227FBDB000E7E256 /* DTaskTests.swift in Sources */,
			);
			runOnlyForDeploymentPostprocessing = 0;
		};
		E2C009F8227FBDB000E7E256 /* Sources */ = {
			isa = PBXSourcesBuildPhase;
			buildActionMask = 2147483647;
			files = (
				E2C00A01227FBDB000E7E256 /* DTaskUITests.swift in Sources */,
			);
			runOnlyForDeploymentPostprocessing = 0;
		};
/* End PBXSourcesBuildPhase section */

/* Begin PBXTargetDependency section */
		E2C009F3227FBDB000E7E256 /* PBXTargetDependency */ = {
			isa = PBXTargetDependency;
			target = E2C009DC227FBDAC00E7E256 /* DTask */;
			targetProxy = E2C009F2227FBDB000E7E256 /* PBXContainerItemProxy */;
		};
		E2C009FE227FBDB000E7E256 /* PBXTargetDependency */ = {
			isa = PBXTargetDependency;
			target = E2C009DC227FBDAC00E7E256 /* DTask */;
			targetProxy = E2C009FD227FBDB000E7E256 /* PBXContainerItemProxy */;
		};
/* End PBXTargetDependency section */

/* Begin PBXVariantGroup section */
		E2C009E4227FBDAD00E7E256 /* Main.storyboard */ = {
			isa = PBXVariantGroup;
			children = (
				E2C009E5227FBDAD00E7E256 /* Base */,
			);
			name = Main.storyboard;
			sourceTree = "<group>";
		};
		E2C009E9227FBDB000E7E256 /* LaunchScreen.storyboard */ = {
			isa = PBXVariantGroup;
			children = (
				E2C009EA227FBDB000E7E256 /* Base */,
			);
			name = LaunchScreen.storyboard;
			sourceTree = "<group>";
		};
/* End PBXVariantGroup section */

/* Begin XCBuildConfiguration section */
		E2C00A03227FBDB000E7E256 /* Debug */ = {
			isa = XCBuildConfiguration;
			buildSettings = {
				ALWAYS_SEARCH_USER_PATHS = NO;
				CLANG_ANALYZER_NONNULL = YES;
				CLANG_ANALYZER_NUMBER_OBJECT_CONVERSION = YES_AGGRESSIVE;
				CLANG_CXX_LANGUAGE_STANDARD = "gnu++14";
				CLANG_CXX_LIBRARY = "libc++";
				CLANG_ENABLE_MODULES = YES;
				CLANG_ENABLE_OBJC_ARC = YES;
				CLANG_ENABLE_OBJC_WEAK = YES;
				CLANG_WARN_BLOCK_CAPTURE_AUTORELEASING = YES;
				CLANG_WARN_BOOL_CONVERSION = YES;
				CLANG_WARN_COMMA = YES;
				CLANG_WARN_CONSTANT_CONVERSION = YES;
				CLANG_WARN_DEPRECATED_OBJC_IMPLEMENTATIONS = YES;
				CLANG_WARN_DIRECT_OBJC_ISA_USAGE = YES_ERROR;
				CLANG_WARN_DOCUMENTATION_COMMENTS = YES;
				CLANG_WARN_EMPTY_BODY = YES;
				CLANG_WARN_ENUM_CONVERSION = YES;
				CLANG_WARN_INFINITE_RECURSION = YES;
				CLANG_WARN_INT_CONVERSION = YES;
				CLANG_WARN_NON_LITERAL_NULL_CONVERSION = YES;
				CLANG_WARN_OBJC_IMPLICIT_RETAIN_SELF = YES;
				CLANG_WARN_OBJC_LITERAL_CONVERSION = YES;
				CLANG_WARN_OBJC_ROOT_CLASS = YES_ERROR;
				CLANG_WARN_RANGE_LOOP_ANALYSIS = YES;
				CLANG_WARN_STRICT_PROTOTYPES = YES;
				CLANG_WARN_SUSPICIOUS_MOVE = YES;
				CLANG_WARN_UNGUARDED_AVAILABILITY = YES_AGGRESSIVE;
				CLANG_WARN_UNREACHABLE_CODE = YES;
				CLANG_WARN__DUPLICATE_METHOD_MATCH = YES;
				CODE_SIGN_IDENTITY = "iPhone Developer";
				COPY_PHASE_STRIP = NO;
				DEBUG_INFORMATION_FORMAT = dwarf;
				ENABLE_STRICT_OBJC_MSGSEND = YES;
				ENABLE_TESTABILITY = YES;
				GCC_C_LANGUAGE_STANDARD = gnu11;
				GCC_DYNAMIC_NO_PIC = NO;
				GCC_NO_COMMON_BLOCKS = YES;
				GCC_OPTIMIZATION_LEVEL = 0;
				GCC_PREPROCESSOR_DEFINITIONS = (
					"DEBUG=1",
					"$(inherited)",
				);
				GCC_WARN_64_TO_32_BIT_CONVERSION = YES;
				GCC_WARN_ABOUT_RETURN_TYPE = YES_ERROR;
				GCC_WARN_UNDECLARED_SELECTOR = YES;
				GCC_WARN_UNINITIALIZED_AUTOS = YES_AGGRESSIVE;
				GCC_WARN_UNUSED_FUNCTION = YES;
				GCC_WARN_UNUSED_VARIABLE = YES;
				IPHONEOS_DEPLOYMENT_TARGET = 12.2;
				MTL_ENABLE_DEBUG_INFO = INCLUDE_SOURCE;
				MTL_FAST_MATH = YES;
				ONLY_ACTIVE_ARCH = YES;
				SDKROOT = iphoneos;
				SWIFT_ACTIVE_COMPILATION_CONDITIONS = DEBUG;
				SWIFT_OPTIMIZATION_LEVEL = "-Onone";
			};
			name = Debug;
		};
		E2C00A04227FBDB000E7E256 /* Release */ = {
			isa = XCBuildConfiguration;
			buildSettings = {
				ALWAYS_SEARCH_USER_PATHS = NO;
				CLANG_ANALYZER_NONNULL = YES;
				CLANG_ANALYZER_NUMBER_OBJECT_CONVERSION = YES_AGGRESSIVE;
				CLANG_CXX_LANGUAGE_STANDARD = "gnu++14";
				CLANG_CXX_LIBRARY = "libc++";
				CLANG_ENABLE_MODULES = YES;
				CLANG_ENABLE_OBJC_ARC = YES;
				CLANG_ENABLE_OBJC_WEAK = YES;
				CLANG_WARN_BLOCK_CAPTURE_AUTORELEASING = YES;
				CLANG_WARN_BOOL_CONVERSION = YES;
				CLANG_WARN_COMMA = YES;
				CLANG_WARN_CONSTANT_CONVERSION = YES;
				CLANG_WARN_DEPRECATED_OBJC_IMPLEMENTATIONS = YES;
				CLANG_WARN_DIRECT_OBJC_ISA_USAGE = YES_ERROR;
				CLANG_WARN_DOCUMENTATION_COMMENTS = YES;
				CLANG_WARN_EMPTY_BODY = YES;
				CLANG_WARN_ENUM_CONVERSION = YES;
				CLANG_WARN_INFINITE_RECURSION = YES;
				CLANG_WARN_INT_CONVERSION = YES;
				CLANG_WARN_NON_LITERAL_NULL_CONVERSION = YES;
				CLANG_WARN_OBJC_IMPLICIT_RETAIN_SELF = YES;
				CLANG_WARN_OBJC_LITERAL_CONVERSION = YES;
				CLANG_WARN_OBJC_ROOT_CLASS = YES_ERROR;
				CLANG_WARN_RANGE_LOOP_ANALYSIS = YES;
				CLANG_WARN_STRICT_PROTOTYPES = YES;
				CLANG_WARN_SUSPICIOUS_MOVE = YES;
				CLANG_WARN_UNGUARDED_AVAILABILITY = YES_AGGRESSIVE;
				CLANG_WARN_UNREACHABLE_CODE = YES;
				CLANG_WARN__DUPLICATE_METHOD_MATCH = YES;
				CODE_SIGN_IDENTITY = "iPhone Developer";
				COPY_PHASE_STRIP = NO;
				DEBUG_INFORMATION_FORMAT = "dwarf-with-dsym";
				ENABLE_NS_ASSERTIONS = NO;
				ENABLE_STRICT_OBJC_MSGSEND = YES;
				GCC_C_LANGUAGE_STANDARD = gnu11;
				GCC_NO_COMMON_BLOCKS = YES;
				GCC_WARN_64_TO_32_BIT_CONVERSION = YES;
				GCC_WARN_ABOUT_RETURN_TYPE = YES_ERROR;
				GCC_WARN_UNDECLARED_SELECTOR = YES;
				GCC_WARN_UNINITIALIZED_AUTOS = YES_AGGRESSIVE;
				GCC_WARN_UNUSED_FUNCTION = YES;
				GCC_WARN_UNUSED_VARIABLE = YES;
				IPHONEOS_DEPLOYMENT_TARGET = 12.2;
				MTL_ENABLE_DEBUG_INFO = NO;
				MTL_FAST_MATH = YES;
				SDKROOT = iphoneos;
				SWIFT_COMPILATION_MODE = wholemodule;
				SWIFT_OPTIMIZATION_LEVEL = "-O";
				VALIDATE_PRODUCT = YES;
			};
			name = Release;
		};
		E2C00A06227FBDB000E7E256 /* Debug */ = {
			isa = XCBuildConfiguration;
			baseConfigurationReference = 6D1329622192A2AB0C1BB817 /* Pods-DTask.debug.xcconfig */;
			buildSettings = {
				ASSETCATALOG_COMPILER_APPICON_NAME = AppIcon;
				CODE_SIGN_IDENTITY = "iPhone Developer";
				CODE_SIGN_STYLE = Automatic;
				DEVELOPMENT_TEAM = H7HXX6GGRY;
				INFOPLIST_FILE = DTask/Info.plist;
				IPHONEOS_DEPLOYMENT_TARGET = 10.0;
				LD_RUNPATH_SEARCH_PATHS = (
					"$(inherited)",
					"@executable_path/Frameworks",
				);
				PRODUCT_BUNDLE_IDENTIFIER = bosh.DTask;
				PRODUCT_NAME = "$(TARGET_NAME)";
				PROVISIONING_PROFILE_SPECIFIER = "";
				SWIFT_VERSION = 5.0;
				TARGETED_DEVICE_FAMILY = "1,2";
			};
			name = Debug;
		};
		E2C00A07227FBDB000E7E256 /* Release */ = {
			isa = XCBuildConfiguration;
			baseConfigurationReference = BE911E5379E49B964304F4F2 /* Pods-DTask.release.xcconfig */;
			buildSettings = {
				ASSETCATALOG_COMPILER_APPICON_NAME = AppIcon;
				CODE_SIGN_IDENTITY = "iPhone Developer";
				CODE_SIGN_STYLE = Automatic;
				DEVELOPMENT_TEAM = H7HXX6GGRY;
				INFOPLIST_FILE = DTask/Info.plist;
				IPHONEOS_DEPLOYMENT_TARGET = 10.0;
				LD_RUNPATH_SEARCH_PATHS = (
					"$(inherited)",
					"@executable_path/Frameworks",
				);
				PRODUCT_BUNDLE_IDENTIFIER = bosh.DTask;
				PRODUCT_NAME = "$(TARGET_NAME)";
				PROVISIONING_PROFILE_SPECIFIER = "";
				SWIFT_VERSION = 5.0;
				TARGETED_DEVICE_FAMILY = "1,2";
			};
			name = Release;
		};
		E2C00A09227FBDB000E7E256 /* Debug */ = {
			isa = XCBuildConfiguration;
			baseConfigurationReference = 7031F2697137FA826BD268B0 /* Pods-DTaskTests.debug.xcconfig */;
			buildSettings = {
				ALWAYS_EMBED_SWIFT_STANDARD_LIBRARIES = YES;
				BUNDLE_LOADER = "$(TEST_HOST)";
				CODE_SIGN_STYLE = Automatic;
				INFOPLIST_FILE = DTaskTests/Info.plist;
				LD_RUNPATH_SEARCH_PATHS = (
					"$(inherited)",
					"@executable_path/Frameworks",
					"@loader_path/Frameworks",
				);
				PRODUCT_BUNDLE_IDENTIFIER = bosh.DTaskTests;
				PRODUCT_NAME = "$(TARGET_NAME)";
				SWIFT_VERSION = 5.0;
				TARGETED_DEVICE_FAMILY = "1,2";
				TEST_HOST = "$(BUILT_PRODUCTS_DIR)/DTask.app/DTask";
			};
			name = Debug;
		};
		E2C00A0A227FBDB000E7E256 /* Release */ = {
			isa = XCBuildConfiguration;
			baseConfigurationReference = 2CDF5E79CD794765CF425922 /* Pods-DTaskTests.release.xcconfig */;
			buildSettings = {
				ALWAYS_EMBED_SWIFT_STANDARD_LIBRARIES = YES;
				BUNDLE_LOADER = "$(TEST_HOST)";
				CODE_SIGN_STYLE = Automatic;
				INFOPLIST_FILE = DTaskTests/Info.plist;
				LD_RUNPATH_SEARCH_PATHS = (
					"$(inherited)",
					"@executable_path/Frameworks",
					"@loader_path/Frameworks",
				);
				PRODUCT_BUNDLE_IDENTIFIER = bosh.DTaskTests;
				PRODUCT_NAME = "$(TARGET_NAME)";
				SWIFT_VERSION = 5.0;
				TARGETED_DEVICE_FAMILY = "1,2";
				TEST_HOST = "$(BUILT_PRODUCTS_DIR)/DTask.app/DTask";
			};
			name = Release;
		};
		E2C00A0C227FBDB000E7E256 /* Debug */ = {
			isa = XCBuildConfiguration;
			baseConfigurationReference = F8ED60B7F7209D70289446B9 /* Pods-DTaskUITests.debug.xcconfig */;
			buildSettings = {
				ALWAYS_EMBED_SWIFT_STANDARD_LIBRARIES = YES;
				CODE_SIGN_STYLE = Automatic;
				INFOPLIST_FILE = DTaskUITests/Info.plist;
				LD_RUNPATH_SEARCH_PATHS = (
					"$(inherited)",
					"@executable_path/Frameworks",
					"@loader_path/Frameworks",
				);
				PRODUCT_BUNDLE_IDENTIFIER = bosh.DTaskUITests;
				PRODUCT_NAME = "$(TARGET_NAME)";
				SWIFT_VERSION = 5.0;
				TARGETED_DEVICE_FAMILY = "1,2";
				TEST_TARGET_NAME = DTask;
			};
			name = Debug;
		};
		E2C00A0D227FBDB000E7E256 /* Release */ = {
			isa = XCBuildConfiguration;
			baseConfigurationReference = BA49CE01FC2E4895A1CE02FE /* Pods-DTaskUITests.release.xcconfig */;
			buildSettings = {
				ALWAYS_EMBED_SWIFT_STANDARD_LIBRARIES = YES;
				CODE_SIGN_STYLE = Automatic;
				INFOPLIST_FILE = DTaskUITests/Info.plist;
				LD_RUNPATH_SEARCH_PATHS = (
					"$(inherited)",
					"@executable_path/Frameworks",
					"@loader_path/Frameworks",
				);
				PRODUCT_BUNDLE_IDENTIFIER = bosh.DTaskUITests;
				PRODUCT_NAME = "$(TARGET_NAME)";
				SWIFT_VERSION = 5.0;
				TARGETED_DEVICE_FAMILY = "1,2";
				TEST_TARGET_NAME = DTask;
			};
			name = Release;
		};
/* End XCBuildConfiguration section */

/* Begin XCConfigurationList section */
		E2C009D8227FBDAC00E7E256 /* Build configuration list for PBXProject "DTask" */ = {
			isa = XCConfigurationList;
			buildConfigurations = (
				E2C00A03227FBDB000E7E256 /* Debug */,
				E2C00A04227FBDB000E7E256 /* Release */,
			);
			defaultConfigurationIsVisible = 0;
			defaultConfigurationName = Release;
		};
		E2C00A05227FBDB000E7E256 /* Build configuration list for PBXNativeTarget "DTask" */ = {
			isa = XCConfigurationList;
			buildConfigurations = (
				E2C00A06227FBDB000E7E256 /* Debug */,
				E2C00A07227FBDB000E7E256 /* Release */,
			);
			defaultConfigurationIsVisible = 0;
			defaultConfigurationName = Release;
		};
		E2C00A08227FBDB000E7E256 /* Build configuration list for PBXNativeTarget "DTaskTests" */ = {
			isa = XCConfigurationList;
			buildConfigurations = (
				E2C00A09227FBDB000E7E256 /* Debug */,
				E2C00A0A227FBDB000E7E256 /* Release */,
			);
			defaultConfigurationIsVisible = 0;
			defaultConfigurationName = Release;
		};
		E2C00A0B227FBDB000E7E256 /* Build configuration list for PBXNativeTarget "DTaskUITests" */ = {
			isa = XCConfigurationList;
			buildConfigurations = (
				E2C00A0C227FBDB000E7E256 /* Debug */,
				E2C00A0D227FBDB000E7E256 /* Release */,
			);
			defaultConfigurationIsVisible = 0;
			defaultConfigurationName = Release;
		};
/* End XCConfigurationList section */
	};
	rootObject = E2C009D5227FBDAC00E7E256 /* Project object */;
}
